# generated by rye
# use `rye lock` or `rye sync` to update this lockfile
#
# last locked with the following flags:
#   pre: false
#   features: []
#   all-features: false
#   with-sources: false
#   generate-hashes: false
#   universal: false

-e file:.
aiohappyeyeballs==2.4.3
    # via aiohttp
aiohttp==3.10.10
    # via datasets
    # via fsspec
    # via litellm
aiosignal==1.3.1
    # via aiohttp
alembic==1.14.0
    # via optuna
annotated-types==0.7.0
    # via pydantic
anthropic==0.39.0
    # via election2024
anyio==4.6.2.post1
    # via anthropic
    # via httpx
    # via openai
attrs==24.2.0
    # via aiohttp
    # via jsonschema
    # via referencing
backoff==2.2.1
    # via dspy
certifi==2024.8.30
    # via httpcore
    # via httpx
    # via requests
charset-normalizer==3.4.0
    # via requests
click==8.1.7
    # via duckduckgo-search
    # via litellm
colorlog==6.9.0
    # via optuna
datasets==3.1.0
    # via dspy
dill==0.3.8
    # via datasets
    # via multiprocess
diskcache==5.6.3
    # via dspy
distro==1.9.0
    # via anthropic
    # via openai
dspy==2.5.25
    # via election2024
duckduckgo-search==6.3.3
    # via election2024
filelock==3.16.1
    # via datasets
    # via huggingface-hub
frozenlist==1.5.0
    # via aiohttp
    # via aiosignal
fsspec==2024.9.0
    # via datasets
    # via huggingface-hub
h11==0.14.0
    # via httpcore
httpcore==1.0.6
    # via httpx
httpx==0.27.2
    # via anthropic
    # via dspy
    # via openai
huggingface-hub==0.26.2
    # via datasets
    # via tokenizers
idna==3.10
    # via anyio
    # via httpx
    # via requests
    # via yarl
importlib-metadata==8.5.0
    # via litellm
jinja2==3.1.4
    # via litellm
jiter==0.7.0
    # via anthropic
    # via openai
joblib==1.4.2
    # via dspy
json-repair==0.30.0
    # via dspy
jsonschema==4.23.0
    # via litellm
jsonschema-specifications==2024.10.1
    # via jsonschema
litellm==1.49.1
    # via dspy
magicattr==0.1.6
    # via dspy
mako==1.3.6
    # via alembic
markupsafe==3.0.2
    # via jinja2
    # via mako
multidict==6.1.0
    # via aiohttp
    # via yarl
multiprocess==0.70.16
    # via datasets
numpy==2.1.3
    # via datasets
    # via optuna
    # via pandas
openai==1.54.0
    # via dspy
    # via litellm
optuna==4.0.0
    # via dspy
packaging==24.1
    # via datasets
    # via huggingface-hub
    # via optuna
pandas==2.2.3
    # via datasets
    # via dspy
primp==0.7.0
    # via duckduckgo-search
propcache==0.2.0
    # via yarl
pyarrow==18.0.0
    # via datasets
pydantic==2.9.2
    # via anthropic
    # via dspy
    # via litellm
    # via openai
pydantic-core==2.23.4
    # via pydantic
python-dateutil==2.9.0.post0
    # via pandas
python-dotenv==1.0.1
    # via election2024
    # via litellm
pytz==2024.2
    # via pandas
pyyaml==6.0.2
    # via datasets
    # via huggingface-hub
    # via optuna
referencing==0.35.1
    # via jsonschema
    # via jsonschema-specifications
regex==2024.9.11
    # via dspy
    # via tiktoken
requests==2.32.3
    # via datasets
    # via dspy
    # via election2024
    # via huggingface-hub
    # via litellm
    # via tiktoken
rpds-py==0.20.1
    # via jsonschema
    # via referencing
six==1.16.0
    # via python-dateutil
sniffio==1.3.1
    # via anthropic
    # via anyio
    # via httpx
    # via openai
sqlalchemy==2.0.36
    # via alembic
    # via optuna
structlog==24.4.0
    # via dspy
tenacity==9.0.0
    # via dspy
tiktoken==0.8.0
    # via litellm
tokenizers==0.20.2
    # via litellm
tqdm==4.66.6
    # via datasets
    # via dspy
    # via huggingface-hub
    # via openai
    # via optuna
typing-extensions==4.12.2
    # via alembic
    # via anthropic
    # via huggingface-hub
    # via openai
    # via pydantic
    # via pydantic-core
    # via sqlalchemy
tzdata==2024.2
    # via pandas
ujson==5.10.0
    # via dspy
urllib3==2.2.3
    # via requests
xxhash==3.5.0
    # via datasets
yarl==1.17.1
    # via aiohttp
zipp==3.20.2
    # via importlib-metadata
